# This file is automatically @generated by Cargo.
# It is not intended for manual editing.
version = 4

[[package]]
name = "lock-map-bench"
version = "0.1.0"
dependencies = [
 "lock_freedom",
 "lockfree",
]

[[package]]
name = "lock_freedom"
version = "0.1.1"
source = "registry+https://github.com/rust-lang/crates.io-index"
checksum = "ae660832d88e34fe389ffbab7406e84209a6e2eb6db908ab0d604345b686190d"

[[package]]
name = "lockfree"
version = "0.5.1"
source = "registry+https://github.com/rust-lang/crates.io-index"
checksum = "74ee94b5ad113c7cb98c5a040f783d0952ee4fe100993881d1673c2cb002dd23"
dependencies = [
 "owned-alloc",
]

[[package]]
name = "owned-alloc"
version = "0.2.0"
source = "registry+https://github.com/rust-lang/crates.io-index"
checksum = "30fceb411f9a12ff9222c5f824026be368ff15dc2f13468d850c7d3f502205d6"
