{
    "name": "web-app",
    "version": "1.0.0",
    "lockfileVersion": 3,
    "requires": true,
    "packages": {
        "": {
            "name": "web-app",
            "version": "1.0.0",
            "dependencies": {
                "react": "^18.3.1",
                "react-dom": "^18.3.1"
            },
            "devDependencies": {
                "@rspack/core": "1.5.5",
                "@types/react": "^18.0.24",
                "@types/react-dom": "^18.0.8"
            }
        },
        "node_modules/@emnapi/core": {
            "version": "1.6.0",
            "resolved": "https://registry.npmjs.org/@emnapi/core/-/core-1.6.0.tgz",
            "integrity": "sha512-zq/ay+9fNIJJtJiZxdTnXS20PllcYMX3OE23ESc4HK/bdYu3cOWYVhsOhVnXALfU/uqJIxn5NBPd9z4v+SfoSg==",
            "dev": true,
            "optional": true,
            "dependencies": {
                "@emnapi/wasi-threads": "1.1.0",
                "tslib": "^2.4.0"
            }
        },
        "node_modules/@emnapi/runtime": {
            "version": "1.6.0",
            "resolved": "https://registry.npmjs.org/@emnapi/runtime/-/runtime-1.6.0.tgz",
            "integrity": "sha512-obtUmAHTMjll499P+D9A3axeJFlhdjOWdKUNs/U6QIGT7V5RjcUW1xToAzjvmgTSQhDbYn/NwfTRoJcQ2rNBxA==",
            "dev": true,
            "optional": true,
            "dependencies": {
                "tslib": "^2.4.0"
            }
        },
        "node_modules/@emnapi/wasi-threads": {
            "version": "1.1.0",
            "resolved": "https://registry.npmjs.org/@emnapi/wasi-threads/-/wasi-threads-1.1.0.tgz",
            "integrity": "sha512-WI0DdZ8xFSbgMjR1sFsKABJ/C5OnRrjT06JXbZKexJGrDuPTzZdDYfFlsgcCXCyf+suG5QU2e/y1Wo2V/OapLQ==",
            "dev": true,
            "optional": true,
            "dependencies": {
                "tslib": "^2.4.0"
            }
        },
        "node_modules/@module-federation/error-codes": {
            "version": "0.18.0",
            "resolved": "https://registry.npmjs.org/@module-federation/error-codes/-/error-codes-0.18.0.tgz",
            "integrity": "sha512-Woonm8ehyVIUPXChmbu80Zj6uJkC0dD9SJUZ/wOPtO8iiz/m+dkrOugAuKgoiR6qH4F+yorWila954tBz4uKsQ==",
            "dev": true
        },
        "node_modules/@module-federation/runtime": {
            "version": "0.18.0",
            "resolved": "https://registry.npmjs.org/@module-federation/runtime/-/runtime-0.18.0.tgz",
            "integrity": "sha512-+C4YtoSztM7nHwNyZl6dQKGUVJdsPrUdaf3HIKReg/GQbrt9uvOlUWo2NXMZ8vDAnf/QRrpSYAwXHmWDn9Obaw==",
            "dev": true,
            "dependencies": {
                "@module-federation/error-codes": "0.18.0",
                "@module-federation/runtime-core": "0.18.0",
                "@module-federation/sdk": "0.18.0"
            }
        },
        "node_modules/@module-federation/runtime-core": {
            "version": "0.18.0",
            "resolved": "https://registry.npmjs.org/@module-federation/runtime-core/-/runtime-core-0.18.0.tgz",
            "integrity": "sha512-ZyYhrDyVAhUzriOsVfgL6vwd+5ebYm595Y13KeMf6TKDRoUHBMTLGQ8WM4TDj8JNsy7LigncK8C03fn97of0QQ==",
            "dev": true,
            "dependencies": {
                "@module-federation/error-codes": "0.18.0",
                "@module-federation/sdk": "0.18.0"
            }
        },
        "node_modules/@module-federation/runtime-tools": {
            "version": "0.18.0",
            "resolved": "https://registry.npmjs.org/@module-federation/runtime-tools/-/runtime-tools-0.18.0.tgz",
            "integrity": "sha512-fSga9o4t1UfXNV/Kh6qFvRyZpPp3EHSPRISNeyT8ZoTpzDNiYzhtw0BPUSSD8m6C6XQh2s/11rI4g80UY+d+hA==",
            "dev": true,
            "dependencies": {
                "@module-federation/runtime": "0.18.0",
                "@module-federation/webpack-bundler-runtime": "0.18.0"
            }
        },
        "node_modules/@module-federation/sdk": {
            "version": "0.18.0",
            "resolved": "https://registry.npmjs.org/@module-federation/sdk/-/sdk-0.18.0.tgz",
            "integrity": "sha512-Lo/Feq73tO2unjmpRfyyoUkTVoejhItXOk/h5C+4cistnHbTV8XHrW/13fD5e1Iu60heVdAhhelJd6F898Ve9A==",
            "dev": true
        },
        "node_modules/@module-federation/webpack-bundler-runtime": {
            "version": "0.18.0",
            "resolved": "https://registry.npmjs.org/@module-federation/webpack-bundler-runtime/-/webpack-bundler-runtime-0.18.0.tgz",
            "integrity": "sha512-TEvErbF+YQ+6IFimhUYKK3a5wapD90d90sLsNpcu2kB3QGT7t4nIluE25duXuZDVUKLz86tEPrza/oaaCWTpvQ==",
            "dev": true,
            "dependencies": {
                "@module-federation/runtime": "0.18.0",
                "@module-federation/sdk": "0.18.0"
            }
        },
        "node_modules/@napi-rs/wasm-runtime": {
            "version": "1.0.7",
            "resolved": "https://registry.npmjs.org/@napi-rs/wasm-runtime/-/wasm-runtime-1.0.7.tgz",
            "integrity": "sha512-SeDnOO0Tk7Okiq6DbXmmBODgOAb9dp9gjlphokTUxmt8U3liIP1ZsozBahH69j/RJv+Rfs6IwUKHTgQYJ/HBAw==",
            "dev": true,
            "optional": true,
            "dependencies": {
                "@emnapi/core": "^1.5.0",
                "@emnapi/runtime": "^1.5.0",
                "@tybys/wasm-util": "^0.10.1"
            }
        },
        "node_modules/@rspack/binding": {
            "version": "1.5.5",
            "resolved": "https://registry.npmjs.org/@rspack/binding/-/binding-1.5.5.tgz",
            "integrity": "sha512-JkB943uBU0lABnKG/jdO+gg3/eeO9CEQMR/1dL6jSU9GTxaNf3XIVc05RhRC7qoVsiXuhSMMFxWyV0hyHxp2bA==",
            "dev": true,
            "optionalDependencies": {
                "@rspack/binding-darwin-arm64": "1.5.5",
                "@rspack/binding-darwin-x64": "1.5.5",
                "@rspack/binding-linux-arm64-gnu": "1.5.5",
                "@rspack/binding-linux-arm64-musl": "1.5.5",
                "@rspack/binding-linux-x64-gnu": "1.5.5",
                "@rspack/binding-linux-x64-musl": "1.5.5",
                "@rspack/binding-wasm32-wasi": "1.5.5",
                "@rspack/binding-win32-arm64-msvc": "1.5.5",
                "@rspack/binding-win32-ia32-msvc": "1.5.5",
                "@rspack/binding-win32-x64-msvc": "1.5.5"
            }
        },
        "node_modules/@rspack/binding-darwin-arm64": {
            "version": "1.5.5",
            "resolved": "https://registry.npmjs.org/@rspack/binding-darwin-arm64/-/binding-darwin-arm64-1.5.5.tgz",
            "integrity": "sha512-Kg3ywEZHLX+aROfTQ5tMOv+Ud+8b4jk8ruUgsi0W8oBkEkR5xBdhFa9vcf6pzy+gfoLCnEI68U9i8ttm+G0csA==",
            "cpu": [
                "arm64"
            ],
            "dev": true,
            "optional": true,
            "os": [
                "darwin"
            ]
        },
        "node_modules/@rspack/binding-darwin-x64": {
            "version": "1.5.5",
            "resolved": "https://registry.npmjs.org/@rspack/binding-darwin-x64/-/binding-darwin-x64-1.5.5.tgz",
            "integrity": "sha512-uoGTYnlYW8m47yiDCKvXOehhAOH12wlePJq4sbUbBoHmG07vbDw7fUqnvy2k8319NTVEpMJWGoKyisgI09/uMQ==",
            "cpu": [
                "x64"
            ],
            "dev": true,
            "optional": true,
            "os": [
                "darwin"
            ]
        },
        "node_modules/@rspack/binding-linux-arm64-gnu": {
            "version": "1.5.5",
            "resolved": "https://registry.npmjs.org/@rspack/binding-linux-arm64-gnu/-/binding-linux-arm64-gnu-1.5.5.tgz",
            "integrity": "sha512-KgVN3TeUJ3iNwwOX3JGY4arvoLHX94eItJ4TeOSyetRiSJUrQI0evP16i5kIh+n+p7mVnXmfUS944Gl+uNsJmg==",
            "cpu": [
                "arm64"
            ],
            "dev": true,
            "optional": true,
            "os": [
                "linux"
            ]
        },
        "node_modules/@rspack/binding-linux-arm64-musl": {
            "version": "1.5.5",
            "resolved": "https://registry.npmjs.org/@rspack/binding-linux-arm64-musl/-/binding-linux-arm64-musl-1.5.5.tgz",
            "integrity": "sha512-1gKthlCQinXtWar6Hl9Il6BQ/NgYBH0NVuUsjjf85ejD/cTPQENKyIpGvVa1rSIHSfnG/XujUbruHAeY9mEHCA==",
            "cpu": [
                "arm64"
            ],
            "dev": true,
            "optional": true,
            "os": [
                "linux"
            ]
        },
        "node_modules/@rspack/binding-linux-x64-gnu": {
            "version": "1.5.5",
            "resolved": "https://registry.npmjs.org/@rspack/binding-linux-x64-gnu/-/binding-linux-x64-gnu-1.5.5.tgz",
            "integrity": "sha512-haPFg4M9GwpSI5g9BQhKUNdzCKDvFexIUkLiAHBjFU9iWQTEcI9VfYPixestOIwzUv7E34rHM+jAsmRGWdgmXw==",
            "cpu": [
                "x64"
            ],
            "dev": true,
            "optional": true,
            "os": [
                "linux"
            ]
        },
        "node_modules/@rspack/binding-linux-x64-musl": {
            "version": "1.5.5",
            "resolved": "https://registry.npmjs.org/@rspack/binding-linux-x64-musl/-/binding-linux-x64-musl-1.5.5.tgz",
            "integrity": "sha512-oUny56JEkCZvIu4n8/P7IPLPNtJnL89EDhxHINH87XLBY3OOgo8JHELR11Zj9SFWiGNsRcLqi+Q78tWa0ligBQ==",
            "cpu": [
                "x64"
            ],
            "dev": true,
            "optional": true,
            "os": [
                "linux"
            ]
        },
        "node_modules/@rspack/binding-wasm32-wasi": {
            "version": "1.5.5",
            "resolved": "https://registry.npmjs.org/@rspack/binding-wasm32-wasi/-/binding-wasm32-wasi-1.5.5.tgz",
            "integrity": "sha512-tRgxBgIXaBKBH/0KlwvyqbIMqQrg8jKOyFOEQseEE7Oqs2M9KkJ7Vp5QN11u3NvZ9nz5GbZxmVGBMkdj9Gth1w==",
            "cpu": [
                "wasm32"
            ],
            "dev": true,
            "optional": true,
            "dependencies": {
                "@napi-rs/wasm-runtime": "^1.0.5"
            }
        },
        "node_modules/@rspack/binding-win32-arm64-msvc": {
            "version": "1.5.5",
            "resolved": "https://registry.npmjs.org/@rspack/binding-win32-arm64-msvc/-/binding-win32-arm64-msvc-1.5.5.tgz",
            "integrity": "sha512-wGWd2yluoFdQgtkIbny6FoHnzahTk+o9RzrptjeS1u/NV1lKrWzmWhwZojMGOUqPiaukZKaziOEo7gpRn2XbEQ==",
            "cpu": [
                "arm64"
            ],
            "dev": true,
            "optional": true,
            "os": [
                "win32"
            ]
        },
        "node_modules/@rspack/binding-win32-ia32-msvc": {
            "version": "1.5.5",
            "resolved": "https://registry.npmjs.org/@rspack/binding-win32-ia32-msvc/-/binding-win32-ia32-msvc-1.5.5.tgz",
            "integrity": "sha512-Ikml8AQkzjPCG24vTO4pG2bpJ8vp93jVEgo9X9uYjO2vQbIp5QSOmeZOTM7tXCf8AfTfHEF/yAdE/pR/+tXXGQ==",
            "cpu": [
                "ia32"
            ],
            "dev": true,
            "optional": true,
            "os": [
                "win32"
            ]
        },
        "node_modules/@rspack/binding-win32-x64-msvc": {
            "version": "1.5.5",
            "resolved": "https://registry.npmjs.org/@rspack/binding-win32-x64-msvc/-/binding-win32-x64-msvc-1.5.5.tgz",
            "integrity": "sha512-m2059ms0i/GIQGWTlZ5GI6SWpuMFAPMsWlhXLk2LZRIydhi+N/YPkmc33lFRTlDA3QpKDCvowvCvIIA7g6WSlg==",
            "cpu": [
                "x64"
            ],
            "dev": true,
            "optional": true,
            "os": [
                "win32"
            ]
        },
        "node_modules/@rspack/core": {
            "version": "1.5.5",
            "resolved": "https://registry.npmjs.org/@rspack/core/-/core-1.5.5.tgz",
            "integrity": "sha512-AOIuMktK6X/xHAjJ/0QJ2kbSkILXj641GCPE+EOfWO27ODA8fHPArKbyz5AVGVePV3aUfEo2VFcsNzP67VBEPA==",
            "dev": true,
            "dependencies": {
                "@module-federation/runtime-tools": "0.18.0",
                "@rspack/binding": "1.5.5",
                "@rspack/lite-tapable": "1.0.1"
            },
            "engines": {
                "node": ">=18.12.0"
            },
            "peerDependencies": {
                "@swc/helpers": ">=0.5.1"
            },
            "peerDependenciesMeta": {
                "@swc/helpers": {
                    "optional": true
                }
            }
        },
        "node_modules/@rspack/lite-tapable": {
            "version": "1.0.1",
            "resolved": "https://registry.npmjs.org/@rspack/lite-tapable/-/lite-tapable-1.0.1.tgz",
            "integrity": "sha512-VynGOEsVw2s8TAlLf/uESfrgfrq2+rcXB1muPJYBWbsm1Oa6r5qVQhjA5ggM6z/coYPrsVMgovl3Ff7Q7OCp1w==",
            "dev": true,
            "engines": {
                "node": ">=16.0.0"
            }
        },
        "node_modules/@tybys/wasm-util": {
            "version": "0.10.1",
            "resolved": "https://registry.npmjs.org/@tybys/wasm-util/-/wasm-util-0.10.1.tgz",
            "integrity": "sha512-9tTaPJLSiejZKx+Bmog4uSubteqTvFrVrURwkmHixBo0G4seD0zUxp98E1DzUBJxLQ3NPwXrGKDiVjwx/DpPsg==",
            "dev": true,
            "optional": true,
            "dependencies": {
                "tslib": "^2.4.0"
            }
        },
        "node_modules/@types/prop-types": {
            "version": "15.7.15",
            "resolved": "https://registry.npmjs.org/@types/prop-types/-/prop-types-15.7.15.tgz",
            "integrity": "sha512-F6bEyamV9jKGAFBEmlQnesRPGOQqS2+Uwi0Em15xenOxHaf2hv6L8YCVn3rPdPJOiJfPiCnLIRyvwVaqMY3MIw==",
            "dev": true
        },
        "node_modules/@types/react": {
            "version": "18.3.24",
            "resolved": "https://registry.npmjs.org/@types/react/-/react-18.3.24.tgz",
            "integrity": "sha512-0dLEBsA1kI3OezMBF8nSsb7Nk19ZnsyE1LLhB8r27KbgU5H4pvuqZLdtE+aUkJVoXgTVuA+iLIwmZ0TuK4tx6A==",
            "dev": true,
            "dependencies": {
                "@types/prop-types": "*",
                "csstype": "^3.0.2"
            }
        },
        "node_modules/@types/react-dom": {
            "version": "18.3.7",
            "resolved": "https://registry.npmjs.org/@types/react-dom/-/react-dom-18.3.7.tgz",
            "integrity": "sha512-MEe3UeoENYVFXzoXEWsvcpg6ZvlrFNlOQ7EOsvhI3CfAXwzPfO8Qwuxd40nepsYKqyyVQnTdEfv68q91yLcKrQ==",
            "dev": true,
            "peerDependencies": {
                "@types/react": "^18.0.0"
            }
        },
        "node_modules/csstype": {
            "version": "3.1.3",
            "resolved": "https://registry.npmjs.org/csstype/-/csstype-3.1.3.tgz",
            "integrity": "sha512-M1uQkMl8rQK/szD0LNhtqxIPLpimGm8sOBwU7lLnCpSbTyY3yeU1Vc7l4KT5zT4s/yOxHH5O7tIuuLOCnLADRw==",
            "dev": true
        },
        "node_modules/js-tokens": {
            "version": "4.0.0",
            "resolved": "https://registry.npmjs.org/js-tokens/-/js-tokens-4.0.0.tgz",
            "integrity": "sha512-RdJUflcE3cUzKiMqQgsCu06FPu9UdIJO0beYbPhHN4k6apgJtifcoCtT9bcxOpYBtpD2kCM6Sbzg4CausW/PKQ=="
        },
        "node_modules/loose-envify": {
            "version": "1.4.0",
            "resolved": "https://registry.npmjs.org/loose-envify/-/loose-envify-1.4.0.tgz",
            "integrity": "sha512-lyuxPGr/Wfhrlem2CL/UcnUc1zcqKAImBDzukY7Y5F/yQiNdko6+fRLevlw1HgMySw7f611UIY408EtxRSoK3Q==",
            "dependencies": {
                "js-tokens": "^3.0.0 || ^4.0.0"
            },
            "bin": {
                "loose-envify": "cli.js"
            }
        },
        "node_modules/react": {
            "version": "18.3.1",
            "resolved": "https://registry.npmjs.org/react/-/react-18.3.1.tgz",
            "integrity": "sha512-wS+hAgJShR0KhEvPJArfuPVN1+Hz1t0Y6n5jLrGQbkb4urgPE/0Rve+1kMB1v/oWgHgm4WIcV+i7F2pTVj+2iQ==",
            "dependencies": {
                "loose-envify": "^1.1.0"
            },
            "engines": {
                "node": ">=0.10.0"
            }
        },
        "node_modules/react-dom": {
            "version": "18.3.1",
            "resolved": "https://registry.npmjs.org/react-dom/-/react-dom-18.3.1.tgz",
            "integrity": "sha512-5m4nQKp+rZRb09LNH59GM4BxTh9251/ylbKIbpe7TpGxfJ+9kv6BLkLBXIjjspbgbnIBNqlI23tRnTWT0snUIw==",
            "dependencies": {
                "loose-envify": "^1.1.0",
                "scheduler": "^0.23.2"
            },
            "peerDependencies": {
                "react": "^18.3.1"
            }
        },
        "node_modules/scheduler": {
            "version": "0.23.2",
            "resolved": "https://registry.npmjs.org/scheduler/-/scheduler-0.23.2.tgz",
            "integrity": "sha512-UOShsPwz7NrMUqhR6t0hWjFduvOzbtv7toDH1/hIrfRNIDBnnBWd0CwJTGvTpngVlmwGCdP9/Zl/tVrDqcuYzQ==",
            "dependencies": {
                "loose-envify": "^1.1.0"
            }
        },
        "node_modules/tslib": {
            "version": "2.8.1",
            "resolved": "https://registry.npmjs.org/tslib/-/tslib-2.8.1.tgz",
            "integrity": "sha512-oJFu94HQb+KVduSUQL7wnpmqnfmLsOA/nAh6b6EH0wCEoK0/mPeXU6c3wKDV83MkOuHPRHtSXKKU99IBazS/2w==",
            "dev": true,
            "optional": true
        }
    }
}
