# THIS IS AN AUTOGENERATED FILE. DO NOT EDIT THIS FILE DIRECTLY.
# yarn lockfile v1


"@emnapi/core@^1.7.1":
  version "1.8.1"
  resolved "https://registry.yarnpkg.com/@emnapi/core/-/core-1.8.1.tgz#fd9efe721a616288345ffee17a1f26ac5dd01349"
  integrity sha512-AvT9QFpxK0Zd8J0jopedNm+w/2fIzvtPKPjqyw9jwvBaReTTqPBk9Hixaz7KbjimP+QNz605/XnjFcDAL2pqBg==
  dependencies:
    "@emnapi/wasi-threads" "1.1.0"
    tslib "^2.4.0"

"@emnapi/runtime@^1.7.1":
  version "1.8.1"
  resolved "https://registry.yarnpkg.com/@emnapi/runtime/-/runtime-1.8.1.tgz#550fa7e3c0d49c5fb175a116e8cd70614f9a22a5"
  integrity sha512-mehfKSMWjjNol8659Z8KxEMrdSJDDot5SXMq00dM8BN4o+CLNXQ0xH2V7EchNHV4RmbZLmmPdEaXZc5H2FXmDg==
  dependencies:
    tslib "^2.4.0"

"@emnapi/wasi-threads@1.1.0":
  version "1.1.0"
  resolved "https://registry.yarnpkg.com/@emnapi/wasi-threads/-/wasi-threads-1.1.0.tgz#60b2102fddc9ccb78607e4a3cf8403ea69be41bf"
  integrity sha512-WI0DdZ8xFSbgMjR1sFsKABJ/C5OnRrjT06JXbZKexJGrDuPTzZdDYfFlsgcCXCyf+suG5QU2e/y1Wo2V/OapLQ==
  dependencies:
    tslib "^2.4.0"

"@module-federation/error-codes@0.18.0":
  version "0.18.0"
  resolved "https://registry.npmjs.org/@module-federation/error-codes/-/error-codes-0.18.0.tgz"
  integrity sha512-Woonm8ehyVIUPXChmbu80Zj6uJkC0dD9SJUZ/wOPtO8iiz/m+dkrOugAuKgoiR6qH4F+yorWila954tBz4uKsQ==

"@module-federation/runtime-core@0.18.0":
  version "0.18.0"
  resolved "https://registry.npmjs.org/@module-federation/runtime-core/-/runtime-core-0.18.0.tgz"
  integrity sha512-ZyYhrDyVAhUzriOsVfgL6vwd+5ebYm595Y13KeMf6TKDRoUHBMTLGQ8WM4TDj8JNsy7LigncK8C03fn97of0QQ==
  dependencies:
    "@module-federation/error-codes" "0.18.0"
    "@module-federation/sdk" "0.18.0"

"@module-federation/runtime-tools@0.18.0":
  version "0.18.0"
  resolved "https://registry.npmjs.org/@module-federation/runtime-tools/-/runtime-tools-0.18.0.tgz"
  integrity sha512-fSga9o4t1UfXNV/Kh6qFvRyZpPp3EHSPRISNeyT8ZoTpzDNiYzhtw0BPUSSD8m6C6XQh2s/11rI4g80UY+d+hA==
  dependencies:
    "@module-federation/runtime" "0.18.0"
    "@module-federation/webpack-bundler-runtime" "0.18.0"

"@module-federation/runtime@0.18.0":
  version "0.18.0"
  resolved "https://registry.npmjs.org/@module-federation/runtime/-/runtime-0.18.0.tgz"
  integrity sha512-+C4YtoSztM7nHwNyZl6dQKGUVJdsPrUdaf3HIKReg/GQbrt9uvOlUWo2NXMZ8vDAnf/QRrpSYAwXHmWDn9Obaw==
  dependencies:
    "@module-federation/error-codes" "0.18.0"
    "@module-federation/runtime-core" "0.18.0"
    "@module-federation/sdk" "0.18.0"

"@module-federation/sdk@0.18.0":
  version "0.18.0"
  resolved "https://registry.npmjs.org/@module-federation/sdk/-/sdk-0.18.0.tgz"
  integrity sha512-Lo/Feq73tO2unjmpRfyyoUkTVoejhItXOk/h5C+4cistnHbTV8XHrW/13fD5e1Iu60heVdAhhelJd6F898Ve9A==

"@module-federation/webpack-bundler-runtime@0.18.0":
  version "0.18.0"
  resolved "https://registry.npmjs.org/@module-federation/webpack-bundler-runtime/-/webpack-bundler-runtime-0.18.0.tgz"
  integrity sha512-TEvErbF+YQ+6IFimhUYKK3a5wapD90d90sLsNpcu2kB3QGT7t4nIluE25duXuZDVUKLz86tEPrza/oaaCWTpvQ==
  dependencies:
    "@module-federation/runtime" "0.18.0"
    "@module-federation/sdk" "0.18.0"

"@napi-rs/wasm-runtime@^1.0.5":
  version "1.1.1"
  resolved "https://registry.yarnpkg.com/@napi-rs/wasm-runtime/-/wasm-runtime-1.1.1.tgz#c3705ab549d176b8dc5172723d6156c3dc426af2"
  integrity sha512-p64ah1M1ld8xjWv3qbvFwHiFVWrq1yFvV4f7w+mzaqiR4IlSgkqhcRdHwsGgomwzBH51sRY4NEowLxnaBjcW/A==
  dependencies:
    "@emnapi/core" "^1.7.1"
    "@emnapi/runtime" "^1.7.1"
    "@tybys/wasm-util" "^0.10.1"

"@rspack/binding-darwin-arm64@1.5.5":
  version "1.5.5"
  resolved "https://registry.yarnpkg.com/@rspack/binding-darwin-arm64/-/binding-darwin-arm64-1.5.5.tgz#5652e705a23ae0e58e242fcb8e15dcae21c8b890"
  integrity sha512-Kg3ywEZHLX+aROfTQ5tMOv+Ud+8b4jk8ruUgsi0W8oBkEkR5xBdhFa9vcf6pzy+gfoLCnEI68U9i8ttm+G0csA==

"@rspack/binding-darwin-x64@1.5.5":
  version "1.5.5"
  resolved "https://registry.yarnpkg.com/@rspack/binding-darwin-x64/-/binding-darwin-x64-1.5.5.tgz#4cd792d17c063cffce483f462000665c3c188dd4"
  integrity sha512-uoGTYnlYW8m47yiDCKvXOehhAOH12wlePJq4sbUbBoHmG07vbDw7fUqnvy2k8319NTVEpMJWGoKyisgI09/uMQ==

"@rspack/binding-linux-arm64-gnu@1.5.5":
  version "1.5.5"
  resolved "https://registry.yarnpkg.com/@rspack/binding-linux-arm64-gnu/-/binding-linux-arm64-gnu-1.5.5.tgz#227cbc48e0991c424a51d352c6ffb563b5cb8f19"
  integrity sha512-KgVN3TeUJ3iNwwOX3JGY4arvoLHX94eItJ4TeOSyetRiSJUrQI0evP16i5kIh+n+p7mVnXmfUS944Gl+uNsJmg==

"@rspack/binding-linux-arm64-musl@1.5.5":
  version "1.5.5"
  resolved "https://registry.yarnpkg.com/@rspack/binding-linux-arm64-musl/-/binding-linux-arm64-musl-1.5.5.tgz#a4ddcc3a69180bcf09440f99c05b0182f5263443"
  integrity sha512-1gKthlCQinXtWar6Hl9Il6BQ/NgYBH0NVuUsjjf85ejD/cTPQENKyIpGvVa1rSIHSfnG/XujUbruHAeY9mEHCA==

"@rspack/binding-linux-x64-gnu@1.5.5":
  version "1.5.5"
  resolved "https://registry.npmjs.org/@rspack/binding-linux-x64-gnu/-/binding-linux-x64-gnu-1.5.5.tgz"
  integrity sha512-haPFg4M9GwpSI5g9BQhKUNdzCKDvFexIUkLiAHBjFU9iWQTEcI9VfYPixestOIwzUv7E34rHM+jAsmRGWdgmXw==

"@rspack/binding-linux-x64-musl@1.5.5":
  version "1.5.5"
  resolved "https://registry.npmjs.org/@rspack/binding-linux-x64-musl/-/binding-linux-x64-musl-1.5.5.tgz"
  integrity sha512-oUny56JEkCZvIu4n8/P7IPLPNtJnL89EDhxHINH87XLBY3OOgo8JHELR11Zj9SFWiGNsRcLqi+Q78tWa0ligBQ==

"@rspack/binding-wasm32-wasi@1.5.5":
  version "1.5.5"
  resolved "https://registry.yarnpkg.com/@rspack/binding-wasm32-wasi/-/binding-wasm32-wasi-1.5.5.tgz#dbcedafa7e2c2790402f8cbf48bb87cbf4ce3352"
  integrity sha512-tRgxBgIXaBKBH/0KlwvyqbIMqQrg8jKOyFOEQseEE7Oqs2M9KkJ7Vp5QN11u3NvZ9nz5GbZxmVGBMkdj9Gth1w==
  dependencies:
    "@napi-rs/wasm-runtime" "^1.0.5"

"@rspack/binding-win32-arm64-msvc@1.5.5":
  version "1.5.5"
  resolved "https://registry.yarnpkg.com/@rspack/binding-win32-arm64-msvc/-/binding-win32-arm64-msvc-1.5.5.tgz#4b9aacfb8314d924b220a22f6282e821849e7294"
  integrity sha512-wGWd2yluoFdQgtkIbny6FoHnzahTk+o9RzrptjeS1u/NV1lKrWzmWhwZojMGOUqPiaukZKaziOEo7gpRn2XbEQ==

"@rspack/binding-win32-ia32-msvc@1.5.5":
  version "1.5.5"
  resolved "https://registry.yarnpkg.com/@rspack/binding-win32-ia32-msvc/-/binding-win32-ia32-msvc-1.5.5.tgz#866b723dc72eaab7428fce3f04aa4b88348fa6f6"
  integrity sha512-Ikml8AQkzjPCG24vTO4pG2bpJ8vp93jVEgo9X9uYjO2vQbIp5QSOmeZOTM7tXCf8AfTfHEF/yAdE/pR/+tXXGQ==

"@rspack/binding-win32-x64-msvc@1.5.5":
  version "1.5.5"
  resolved "https://registry.yarnpkg.com/@rspack/binding-win32-x64-msvc/-/binding-win32-x64-msvc-1.5.5.tgz#50e03a30a4eec4a0d756f92229cd1dedbbc135e8"
  integrity sha512-m2059ms0i/GIQGWTlZ5GI6SWpuMFAPMsWlhXLk2LZRIydhi+N/YPkmc33lFRTlDA3QpKDCvowvCvIIA7g6WSlg==

"@rspack/binding@1.5.5":
  version "1.5.5"
  resolved "https://registry.npmjs.org/@rspack/binding/-/binding-1.5.5.tgz"
  integrity sha512-JkB943uBU0lABnKG/jdO+gg3/eeO9CEQMR/1dL6jSU9GTxaNf3XIVc05RhRC7qoVsiXuhSMMFxWyV0hyHxp2bA==
  optionalDependencies:
    "@rspack/binding-darwin-arm64" "1.5.5"
    "@rspack/binding-darwin-x64" "1.5.5"
    "@rspack/binding-linux-arm64-gnu" "1.5.5"
    "@rspack/binding-linux-arm64-musl" "1.5.5"
    "@rspack/binding-linux-x64-gnu" "1.5.5"
    "@rspack/binding-linux-x64-musl" "1.5.5"
    "@rspack/binding-wasm32-wasi" "1.5.5"
    "@rspack/binding-win32-arm64-msvc" "1.5.5"
    "@rspack/binding-win32-ia32-msvc" "1.5.5"
    "@rspack/binding-win32-x64-msvc" "1.5.5"

"@rspack/core@1.5.5":
  version "1.5.5"
  resolved "https://registry.npmjs.org/@rspack/core/-/core-1.5.5.tgz"
  integrity sha512-AOIuMktK6X/xHAjJ/0QJ2kbSkILXj641GCPE+EOfWO27ODA8fHPArKbyz5AVGVePV3aUfEo2VFcsNzP67VBEPA==
  dependencies:
    "@module-federation/runtime-tools" "0.18.0"
    "@rspack/binding" "1.5.5"
    "@rspack/lite-tapable" "1.0.1"

"@rspack/lite-tapable@1.0.1":
  version "1.0.1"
  resolved "https://registry.npmjs.org/@rspack/lite-tapable/-/lite-tapable-1.0.1.tgz"
  integrity sha512-VynGOEsVw2s8TAlLf/uESfrgfrq2+rcXB1muPJYBWbsm1Oa6r5qVQhjA5ggM6z/coYPrsVMgovl3Ff7Q7OCp1w==

"@tybys/wasm-util@^0.10.1":
  version "0.10.1"
  resolved "https://registry.yarnpkg.com/@tybys/wasm-util/-/wasm-util-0.10.1.tgz#ecddd3205cf1e2d5274649ff0eedd2991ed7f414"
  integrity sha512-9tTaPJLSiejZKx+Bmog4uSubteqTvFrVrURwkmHixBo0G4seD0zUxp98E1DzUBJxLQ3NPwXrGKDiVjwx/DpPsg==
  dependencies:
    tslib "^2.4.0"

"js-tokens@^3.0.0 || ^4.0.0":
  version "4.0.0"
  resolved "https://registry.npmjs.org/js-tokens/-/js-tokens-4.0.0.tgz"
  integrity sha512-RdJUflcE3cUzKiMqQgsCu06FPu9UdIJO0beYbPhHN4k6apgJtifcoCtT9bcxOpYBtpD2kCM6Sbzg4CausW/PKQ==

loose-envify@^1.1.0:
  version "1.4.0"
  resolved "https://registry.npmjs.org/loose-envify/-/loose-envify-1.4.0.tgz"
  integrity sha512-lyuxPGr/Wfhrlem2CL/UcnUc1zcqKAImBDzukY7Y5F/yQiNdko6+fRLevlw1HgMySw7f611UIY408EtxRSoK3Q==
  dependencies:
    js-tokens "^3.0.0 || ^4.0.0"

react-dom@^18.3.1:
  version "18.3.1"
  resolved "https://registry.npmjs.org/react-dom/-/react-dom-18.3.1.tgz"
  integrity sha512-5m4nQKp+rZRb09LNH59GM4BxTh9251/ylbKIbpe7TpGxfJ+9kv6BLkLBXIjjspbgbnIBNqlI23tRnTWT0snUIw==
  dependencies:
    loose-envify "^1.1.0"
    scheduler "^0.23.2"

react@^18.3.1:
  version "18.3.1"
  resolved "https://registry.npmjs.org/react/-/react-18.3.1.tgz"
  integrity sha512-wS+hAgJShR0KhEvPJArfuPVN1+Hz1t0Y6n5jLrGQbkb4urgPE/0Rve+1kMB1v/oWgHgm4WIcV+i7F2pTVj+2iQ==
  dependencies:
    loose-envify "^1.1.0"

scheduler@^0.23.2:
  version "0.23.2"
  resolved "https://registry.npmjs.org/scheduler/-/scheduler-0.23.2.tgz"
  integrity sha512-UOShsPwz7NrMUqhR6t0hWjFduvOzbtv7toDH1/hIrfRNIDBnnBWd0CwJTGvTpngVlmwGCdP9/Zl/tVrDqcuYzQ==
  dependencies:
    loose-envify "^1.1.0"

tslib@^2.4.0:
  version "2.8.1"
  resolved "https://registry.yarnpkg.com/tslib/-/tslib-2.8.1.tgz#612efe4ed235d567e8aba5f2a5fab70280ade83f"
  integrity sha512-oJFu94HQb+KVduSUQL7wnpmqnfmLsOA/nAh6b6EH0wCEoK0/mPeXU6c3wKDV83MkOuHPRHtSXKKU99IBazS/2w==
